// !$*UTF8*$!
{
	archiveVersion = 1;
	classes = {
	};
	objectVersion = 46;
	objects = {

/* Begin PBXBuildFile section */
		C4BABE61176AD48900218D1D /* Foundation.framework in Frameworks */ = {isa = PBXBuildFile; fileRef = C4BABE60176AD48900218D1D /* Foundation.framework */; };
		C4BABE63176AD48900218D1D /* CoreGraphics.framework in Frameworks */ = {isa = PBXBuildFile; fileRef = C4BABE62176AD48900218D1D /* CoreGraphics.framework */; };
		C4BABE65176AD48900218D1D /* UIKit.framework in Frameworks */ = {isa = PBXBuildFile; fileRef = C4BABE64176AD48900218D1D /* UIKit.framework */; };
		C4BABE6B176AD48900218D1D /* InfoPlist.strings in Resources */ = {isa = PBXBuildFile; fileRef = C4BABE69176AD48900218D1D /* InfoPlist.strings */; };
		C4BABE6D176AD48900218D1D /* main.m in Sources */ = {isa = PBXBuildFile; fileRef = C4BABE6C176AD48900218D1D /* main.m */; };
		C4BABE71176AD48900218D1D /* SCRAppDelegate.m in Sources */ = {isa = PBXBuildFile; fileRef = C4BABE70176AD48900218D1D /* SCRAppDelegate.m */; };
		C4BABE74176AD48900218D1D /* Main.storyboard in Resources */ = {isa = PBXBuildFile; fileRef = C4BABE72176AD48900218D1D /* Main.storyboard */; };
		C4BABE77176AD48900218D1D /* SCRViewController.m in Sources */ = {isa = PBXBuildFile; fileRef = C4BABE76176AD48900218D1D /* SCRViewController.m */; };
		C4BABE79176AD48900218D1D /* Images.xcassets in Resources */ = {isa = PBXBuildFile; fileRef = C4BABE78176AD48900218D1D /* Images.xcassets */; };
		C4BABE80176AD48900218D1D /* XCTest.framework in Frameworks */ = {isa = PBXBuildFile; fileRef = C4BABE7F176AD48900218D1D /* XCTest.framework */; };
		C4BABE81176AD48900218D1D /* Foundation.framework in Frameworks */ = {isa = PBXBuildFile; fileRef = C4BABE60176AD48900218D1D /* Foundation.framework */; };
		C4BABE82176AD48900218D1D /* UIKit.framework in Frameworks */ = {isa = PBXBuildFile; fileRef = C4BABE64176AD48900218D1D /* UIKit.framework */; };
		C4BABE8A176AD48900218D1D /* InfoPlist.strings in Resources */ = {isa = PBXBuildFile; fileRef = C4BABE88176AD48900218D1D /* InfoPlist.strings */; };
		C4BABE8C176AD48900218D1D /* ScorerTests.m in Sources */ = {isa = PBXBuildFile; fileRef = C4BABE8B176AD48900218D1D /* ScorerTests.m */; };
/* End PBXBuildFile section */

/* Begin PBXContainerItemProxy section */
		C4BABE83176AD48900218D1D /* PBXContainerItemProxy */ = {
			isa = PBXContainerItemProxy;
			containerPortal = C4BABE55176AD48900218D1D /* Project object */;
			proxyType = 1;
			remoteGlobalIDString = C4BABE5C176AD48900218D1D;
			remoteInfo = Scorer;
		};
/* End PBXContainerItemProxy section */

/* Begin PBXFileReference section */
		C4BABE5D176AD48900218D1D /* Scorer.app */ = {isa = PBXFileReference; explicitFileType = wrapper.application; includeInIndex = 0; path = Scorer.app; sourceTree = BUILT_PRODUCTS_DIR; };
		C4BABE60176AD48900218D1D /* Foundation.framework */ = {isa = PBXFileReference; lastKnownFileType = wrapper.framework; name = Foundation.framework; path = System/Library/Frameworks/Foundation.framework; sourceTree = SDKROOT; };
		C4BABE62176AD48900218D1D /* CoreGraphics.framework */ = {isa = PBXFileReference; lastKnownFileType = wrapper.framework; name = CoreGraphics.framework; path = System/Library/Frameworks/CoreGraphics.framework; sourceTree = SDKROOT; };
		C4BABE64176AD48900218D1D /* UIKit.framework */ = {isa = PBXFileReference; lastKnownFileType = wrapper.framework; name = UIKit.framework; path = System/Library/Frameworks/UIKit.framework; sourceTree = SDKROOT; };
		C4BABE68176AD48900218D1D /* Scorer-Info.plist */ = {isa = PBXFileReference; lastKnownFileType = text.plist.xml; path = "Scorer-Info.plist"; sourceTree = "<group>"; };
		C4BABE6A176AD48900218D1D /* en */ = {isa = PBXFileReference; lastKnownFileType = text.plist.strings; name = en; path = en.lproj/InfoPlist.strings; sourceTree = "<group>"; };
		C4BABE6C176AD48900218D1D /* main.m */ = {isa = PBXFileReference; lastKnownFileType = sourcecode.c.objc; path = main.m; sourceTree = "<group>"; };
		C4BABE6E176AD48900218D1D /* Scorer-Prefix.pch */ = {isa = PBXFileReference; lastKnownFileType = sourcecode.c.h; path = "Scorer-Prefix.pch"; sourceTree = "<group>"; };
		C4BABE6F176AD48900218D1D /* SCRAppDelegate.h */ = {isa = PBXFileReference; lastKnownFileType = sourcecode.c.h; path = SCRAppDelegate.h; sourceTree = "<group>"; };
		C4BABE70176AD48900218D1D /* SCRAppDelegate.m */ = {isa = PBXFileReference; lastKnownFileType = sourcecode.c.objc; path = SCRAppDelegate.m; sourceTree = "<group>"; };
		C4BABE73176AD48900218D1D /* Base */ = {isa = PBXFileReference; lastKnownFileType = file.storyboard; name = Base; path = Base.lproj/Main.storyboard; sourceTree = "<group>"; };
		C4BABE75176AD48900218D1D /* SCRViewController.h */ = {isa = PBXFileReference; lastKnownFileType = sourcecode.c.h; path = SCRViewController.h; sourceTree = "<group>"; };
		C4BABE76176AD48900218D1D /* SCRViewController.m */ = {isa = PBXFileReference; lastKnownFileType = sourcecode.c.objc; path = SCRViewController.m; sourceTree = "<group>"; };
		C4BABE78176AD48900218D1D /* Images.xcassets */ = {isa = PBXFileReference; lastKnownFileType = folder.assetcatalog; path = Images.xcassets; sourceTree = "<group>"; };
		C4BABE7E176AD48900218D1D /* ScorerTests.xctest */ = {isa = PBXFileReference; explicitFileType = wrapper.cfbundle; includeInIndex = 0; path = ScorerTests.xctest; sourceTree = BUILT_PRODUCTS_DIR; };
		C4BABE7F176AD48900218D1D /* XCTest.framework */ = {isa = PBXFileReference; lastKnownFileType = wrapper.framework; name = XCTest.framework; path = Library/Frameworks/XCTest.framework; sourceTree = DEVELOPER_DIR; };
		C4BABE87176AD48900218D1D /* ScorerTests-Info.plist */ = {isa = PBXFileReference; lastKnownFileType = text.plist.xml; path = "ScorerTests-Info.plist"; sourceTree = "<group>"; };
		C4BABE89176AD48900218D1D /* en */ = {isa = PBXFileReference; lastKnownFileType = text.plist.strings; name = en; path = en.lproj/InfoPlist.strings; sourceTree = "<group>"; };
		C4BABE8B176AD48900218D1D /* ScorerTests.m */ = {isa = PBXFileReference; lastKnownFileType = sourcecode.c.objc; path = ScorerTests.m; sourceTree = "<group>"; };
/* End PBXFileReference section */

/* Begin PBXFrameworksBuildPhase section */
		C4BABE5A176AD48900218D1D /* Frameworks */ = {
			isa = PBXFrameworksBuildPhase;
			buildActionMask = 2147483647;
			files = (
				C4BABE63176AD48900218D1D /* CoreGraphics.framework in Frameworks */,
				C4BABE65176AD48900218D1D /* UIKit.framework in Frameworks */,
				C4BABE61176AD48900218D1D /* Foundation.framework in Frameworks */,
			);
			runOnlyForDeploymentPostprocessing = 0;
		};
		C4BABE7B176AD48900218D1D /* Frameworks */ = {
			isa = PBXFrameworksBuildPhase;
			buildActionMask = 2147483647;
			files = (
				C4BABE80176AD48900218D1D /* XCTest.framework in Frameworks */,
				C4BABE82176AD48900218D1D /* UIKit.framework in Frameworks */,
				C4BABE81176AD48900218D1D /* Foundation.framework in Frameworks */,
			);
			runOnlyForDeploymentPostprocessing = 0;
		};
/* End PBXFrameworksBuildPhase section */

/* Begin PBXGroup section */
		C4BABE54176AD48900218D1D = {
			isa = PBXGroup;
			children = (
				C4BABE66176AD48900218D1D /* Scorer */,
				C4BABE85176AD48900218D1D /* ScorerTests */,
				C4BABE5F176AD48900218D1D /* Frameworks */,
				C4BABE5E176AD48900218D1D /* Products */,
			);
			sourceTree = "<group>";
		};
		C4BABE5E176AD48900218D1D /* Products */ = {
			isa = PBXGroup;
			children = (
				C4BABE5D176AD48900218D1D /* Scorer.app */,
				C4BABE7E176AD48900218D1D /* ScorerTests.xctest */,
			);
			name = Products;
			sourceTree = "<group>";
		};
		C4BABE5F176AD48900218D1D /* Frameworks */ = {
			isa = PBXGroup;
			children = (
				C4BABE60176AD48900218D1D /* Foundation.framework */,
				C4BABE62176AD48900218D1D /* CoreGraphics.framework */,
				C4BABE64176AD48900218D1D /* UIKit.framework */,
				C4BABE7F176AD48900218D1D /* XCTest.framework */,
			);
			name = Frameworks;
			sourceTree = "<group>";
		};
		C4BABE66176AD48900218D1D /* Scorer */ = {
			isa = PBXGroup;
			children = (
				C4BABE6F176AD48900218D1D /* SCRAppDelegate.h */,
				C4BABE70176AD48900218D1D /* SCRAppDelegate.m */,
				C4BABE72176AD48900218D1D /* Main.storyboard */,
				C4BABE75176AD48900218D1D /* SCRViewController.h */,
				C4BABE76176AD48900218D1D /* SCRViewController.m */,
				C4BABE78176AD48900218D1D /* Images.xcassets */,
				C4BABE67176AD48900218D1D /* Supporting Files */,
			);
			path = Scorer;
			sourceTree = "<group>";
		};
		C4BABE67176AD48900218D1D /* Supporting Files */ = {
			isa = PBXGroup;
			children = (
				C4BABE68176AD48900218D1D /* Scorer-Info.plist */,
				C4BABE69176AD48900218D1D /* InfoPlist.strings */,
				C4BABE6C176AD48900218D1D /* main.m */,
				C4BABE6E176AD48900218D1D /* Scorer-Prefix.pch */,
			);
			name = "Supporting Files";
			sourceTree = "<group>";
		};
		C4BABE85176AD48900218D1D /* ScorerTests */ = {
			isa = PBXGroup;
			children = (
				C4BABE8B176AD48900218D1D /* ScorerTests.m */,
				C4BABE86176AD48900218D1D /* Supporting Files */,
			);
			path = ScorerTests;
			sourceTree = "<group>";
		};
		C4BABE86176AD48900218D1D /* Supporting Files */ = {
			isa = PBXGroup;
			children = (
				C4BABE87176AD48900218D1D /* ScorerTests-Info.plist */,
				C4BABE88176AD48900218D1D /* InfoPlist.strings */,
			);
			name = "Supporting Files";
			sourceTree = "<group>";
		};
/* End PBXGroup section */

/* Begin PBXNativeTarget section */
		C4BABE5C176AD48900218D1D /* Scorer */ = {
			isa = PBXNativeTarget;
			buildConfigurationList = C4BABE8F176AD48900218D1D /* Build configuration list for PBXNativeTarget "Scorer" */;
			buildPhases = (
				C4BABE59176AD48900218D1D /* Sources */,
				C4BABE5A176AD48900218D1D /* Frameworks */,
				C4BABE5B176AD48900218D1D /* Resources */,
			);
			buildRules = (
			);
			dependencies = (
			);
			name = Scorer;
			productName = Scorer;
			productReference = C4BABE5D176AD48900218D1D /* Scorer.app */;
			productType = "com.apple.product-type.application";
		};
		C4BABE7D176AD48900218D1D /* ScorerTests */ = {
			isa = PBXNativeTarget;
			buildConfigurationList = C4BABE92176AD48900218D1D /* Build configuration list for PBXNativeTarget "ScorerTests" */;
			buildPhases = (
				C4BABE7A176AD48900218D1D /* Sources */,
				C4BABE7B176AD48900218D1D /* Frameworks */,
				C4BABE7C176AD48900218D1D /* Resources */,
			);
			buildRules = (
			);
			dependencies = (
				C4BABE84176AD48900218D1D /* PBXTargetDependency */,
			);
			name = ScorerTests;
			productName = ScorerTests;
			productReference = C4BABE7E176AD48900218D1D /* ScorerTests.xctest */;
			productType = "com.apple.product-type.bundle.unit-test";
		};
/* End PBXNativeTarget section */

/* Begin PBXProject section */
		C4BABE55176AD48900218D1D /* Project object */ = {
			isa = PBXProject;
			attributes = {
				CLASSPREFIX = SCR;
				LastUpgradeCheck = 0500;
				ORGANIZATIONNAME = Deck78;
				TargetAttributes = {
					C4BABE7D176AD48900218D1D = {
						TestTargetID = C4BABE5C176AD48900218D1D;
					};
				};
			};
			buildConfigurationList = C4BABE58176AD48900218D1D /* Build configuration list for PBXProject "Scorer" */;
			compatibilityVersion = "Xcode 3.2";
			developmentRegion = English;
			hasScannedForEncodings = 0;
			knownRegions = (
				en,
				Base,
			);
			mainGroup = C4BABE54176AD48900218D1D;
			productRefGroup = C4BABE5E176AD48900218D1D /* Products */;
			projectDirPath = "";
			projectRoot = "";
			targets = (
				C4BABE5C176AD48900218D1D /* Scorer */,
				C4BABE7D176AD48900218D1D /* ScorerTests */,
			);
		};
/* End PBXProject section */

/* Begin PBXResourcesBuildPhase section */
		C4BABE5B176AD48900218D1D /* Resources */ = {
			isa = PBXResourcesBuildPhase;
			buildActionMask = 2147483647;
			files = (
				C4BABE79176AD48900218D1D /* Images.xcassets in Resources */,
				C4BABE6B176AD48900218D1D /* InfoPlist.strings in Resources */,
				C4BABE74176AD48900218D1D /* Main.storyboard in Resources */,
			);
			runOnlyForDeploymentPostprocessing = 0;
		};
		C4BABE7C176AD48900218D1D /* Resources */ = {
			isa = PBXResourcesBuildPhase;
			buildActionMask = 2147483647;
			files = (
				C4BABE8A176AD48900218D1D /* InfoPlist.strings in Resources */,
			);
			runOnlyForDeploymentPostprocessing = 0;
		};
/* End PBXResourcesBuildPhase section */

/* Begin PBXSourcesBuildPhase section */
		C4BABE59176AD48900218D1D /* Sources */ = {
			isa = PBXSourcesBuildPhase;
			buildActionMask = 2147483647;
			files = (
				C4BABE6D176AD48900218D1D /* main.m in Sources */,
				C4BABE77176AD48900218D1D /* SCRViewController.m in Sources */,
				C4BABE71176AD48900218D1D /* SCRAppDelegate.m in Sources */,
			);
			runOnlyForDeploymentPostprocessing = 0;
		};
		C4BABE7A176AD48900218D1D /* Sources */ = {
			isa = PBXSourcesBuildPhase;
			buildActionMask = 2147483647;
			files = (
				C4BABE8C176AD48900218D1D /* ScorerTests.m in Sources */,
			);
			runOnlyForDeploymentPostprocessing = 0;
		};
/* End PBXSourcesBuildPhase section */

/* Begin PBXTargetDependency section */
		C4BABE84176AD48900218D1D /* PBXTargetDependency */ = {
			isa = PBXTargetDependency;
			target = C4BABE5C176AD48900218D1D /* Scorer */;
			targetProxy = C4BABE83176AD48900218D1D /* PBXContainerItemProxy */;
		};
/* End PBXTargetDependency section */

/* Begin PBXVariantGroup section */
		C4BABE69176AD48900218D1D /* InfoPlist.strings */ = {
			isa = PBXVariantGroup;
			children = (
				C4BABE6A176AD48900218D1D /* en */,
			);
			name = InfoPlist.strings;
			sourceTree = "<group>";
		};
		C4BABE72176AD48900218D1D /* Main.storyboard */ = {
			isa = PBXVariantGroup;
			children = (
				C4BABE73176AD48900218D1D /* Base */,
			);
			name = Main.storyboard;
			sourceTree = "<group>";
		};
		C4BABE88176AD48900218D1D /* InfoPlist.strings */ = {
			isa = PBXVariantGroup;
			children = (
				C4BABE89176AD48900218D1D /* en */,
			);
			name = InfoPlist.strings;
			sourceTree = "<group>";
		};
/* End PBXVariantGroup section */

/* Begin XCBuildConfiguration section */
		C4BABE8D176AD48900218D1D /* Debug */ = {
			isa = XCBuildConfiguration;
			buildSettings = {
				ALWAYS_SEARCH_USER_PATHS = NO;
				CLANG_CXX_LANGUAGE_STANDARD = "gnu++0x";
				CLANG_CXX_LIBRARY = "libc++";
				CLANG_ENABLE_MODULES = YES;
				CLANG_ENABLE_OBJC_ARC = YES;
				CLANG_WARN_BOOL_CONVERSION = YES;
				CLANG_WARN_CONSTANT_CONVERSION = YES;
				CLANG_WARN_DIRECT_OBJC_ISA_USAGE = YES_ERROR;
				CLANG_WARN_EMPTY_BODY = YES;
				CLANG_WARN_ENUM_CONVERSION = YES;
				CLANG_WARN_INT_CONVERSION = YES;
				CLANG_WARN_OBJC_ROOT_CLASS = YES_ERROR;
				CLANG_WARN__DUPLICATE_METHOD_MATCH = YES;
				"CODE_SIGN_IDENTITY[sdk=iphoneos*]" = "iPhone Developer";
				COPY_PHASE_STRIP = NO;
				GCC_C_LANGUAGE_STANDARD = gnu99;
				GCC_DYNAMIC_NO_PIC = NO;
				GCC_OPTIMIZATION_LEVEL = 0;
				GCC_PREPROCESSOR_DEFINITIONS = (
					"DEBUG=1",
					"$(inherited)",
				);
				GCC_SYMBOLS_PRIVATE_EXTERN = NO;
				GCC_WARN_ABOUT_RETURN_TYPE = YES_ERROR;
				GCC_WARN_UNDECLARED_SELECTOR = YES;
				GCC_WARN_UNINITIALIZED_AUTOS = YES;
				GCC_WARN_UNUSED_FUNCTION = YES;
				GCC_WARN_UNUSED_VARIABLE = YES;
				IPHONEOS_DEPLOYMENT_TARGET = 7.0;
				ONLY_ACTIVE_ARCH = YES;
				SDKROOT = iphoneos;
			};
			name = Debug;
		};
		C4BABE8E176AD48900218D1D /* Release */ = {
			isa = XCBuildConfiguration;
			buildSettings = {
				ALWAYS_SEARCH_USER_PATHS = NO;
				CLANG_CXX_LANGUAGE_STANDARD = "gnu++0x";
				CLANG_CXX_LIBRARY = "libc++";
				CLANG_ENABLE_MODULES = YES;
				CLANG_ENABLE_OBJC_ARC = YES;
				CLANG_WARN_BOOL_CONVERSION = YES;
				CLANG_WARN_CONSTANT_CONVERSION = YES;
				CLANG_WARN_DIRECT_OBJC_ISA_USAGE = YES_ERROR;
				CLANG_WARN_EMPTY_BODY = YES;
				CLANG_WARN_ENUM_CONVERSION = YES;
				CLANG_WARN_INT_CONVERSION = YES;
				CLANG_WARN_OBJC_ROOT_CLASS = YES_ERROR;
				CLANG_WARN__DUPLICATE_METHOD_MATCH = YES;
				"CODE_SIGN_IDENTITY[sdk=iphoneos*]" = "iPhone Developer";
				COPY_PHASE_STRIP = YES;
				ENABLE_NS_ASSERTIONS = NO;
				GCC_C_LANGUAGE_STANDARD = gnu99;
				GCC_WARN_ABOUT_RETURN_TYPE = YES_ERROR;
				GCC_WARN_UNDECLARED_SELECTOR = YES;
				GCC_WARN_UNINITIALIZED_AUTOS = YES;
				GCC_WARN_UNUSED_FUNCTION = YES;
				GCC_WARN_UNUSED_VARIABLE = YES;
				IPHONEOS_DEPLOYMENT_TARGET = 7.0;
				SDKROOT = iphoneos;
				VALIDATE_PRODUCT = YES;
			};
			name = Release;
		};
		C4BABE90176AD48900218D1D /* Debug */ = {
			isa = XCBuildConfiguration;
			buildSettings = {
				ASSETCATALOG_COMPILER_APPICON_NAME = AppIcon;
				ASSETCATALOG_COMPILER_LAUNCHIMAGE_NAME = LaunchImage;
				GCC_PRECOMPILE_PREFIX_HEADER = YES;
				GCC_PREFIX_HEADER = "Scorer/Scorer-Prefix.pch";
				INFOPLIST_FILE = "Scorer/Scorer-Info.plist";
				PRODUCT_NAME = "$(TARGET_NAME)";
				WRAPPER_EXTENSION = app;
			};
			name = Debug;
		};
		C4BABE91176AD48900218D1D /* Release */ = {
			isa = XCBuildConfiguration;
			buildSettings = {
				ASSETCATALOG_COMPILER_APPICON_NAME = AppIcon;
				ASSETCATALOG_COMPILER_LAUNCHIMAGE_NAME = LaunchImage;
				GCC_PRECOMPILE_PREFIX_HEADER = YES;
				GCC_PREFIX_HEADER = "Scorer/Scorer-Prefix.pch";
				INFOPLIST_FILE = "Scorer/Scorer-Info.plist";
				PRODUCT_NAME = "$(TARGET_NAME)";
				WRAPPER_EXTENSION = app;
			};
			name = Release;
		};
		C4BABE93176AD48900218D1D /* Debug */ = {
			isa = XCBuildConfiguration;
			buildSettings = {
				BUNDLE_LOADER = "$(BUILT_PRODUCTS_DIR)/Scorer.app/Scorer";
				FRAMEWORK_SEARCH_PATHS = (
					"$(SDKROOT)/Developer/Library/Frameworks",
					"$(inherited)",
					"$(SYSTEM_APPS_DIR)/Xcode5-DP.app/Contents/Developer/Library/Frameworks",
				);
				GCC_PRECOMPILE_PREFIX_HEADER = YES;
				GCC_PREFIX_HEADER = "Scorer/Scorer-Prefix.pch";
				GCC_PREPROCESSOR_DEFINITIONS = (
					"DEBUG=1",
					"$(inherited)",
				);
				INFOPLIST_FILE = "ScorerTests/ScorerTests-Info.plist";
				PRODUCT_NAME = "$(TARGET_NAME)";
				TEST_HOST = "$(BUNDLE_LOADER)";
				WRAPPER_EXTENSION = xctest;
			};
			name = Debug;
		};
		C4BABE94176AD48900218D1D /* Release */ = {
			isa = XCBuildConfiguration;
			buildSettings = {
				BUNDLE_LOADER = "$(BUILT_PRODUCTS_DIR)/Scorer.app/Scorer";
				FRAMEWORK_SEARCH_PATHS = (
					"$(SDKROOT)/Developer/Library/Frameworks",
					"$(inherited)",
					"$(SYSTEM_APPS_DIR)/Xcode5-DP.app/Contents/Developer/Library/Frameworks",
				);
				GCC_PRECOMPILE_PREFIX_HEADER = YES;
				GCC_PREFIX_HEADER = "Scorer/Scorer-Prefix.pch";
				INFOPLIST_FILE = "ScorerTests/ScorerTests-Info.plist";
				PRODUCT_NAME = "$(TARGET_NAME)";
				TEST_HOST = "$(BUNDLE_LOADER)";
				WRAPPER_EXTENSION = xctest;
			};
			name = Release;
		};
/* End XCBuildConfiguration section */

/* Begin XCConfigurationList section */
		C4BABE58176AD48900218D1D /* Build configuration list for PBXProject "Scorer" */ = {
			isa = XCConfigurationList;
			buildConfigurations = (
				C4BABE8D176AD48900218D1D /* Debug */,
				C4BABE8E176AD48900218D1D /* Release */,
			);
			defaultConfigurationIsVisible = 0;
			defaultConfigurationName = Release;
		};
		C4BABE8F176AD48900218D1D /* Build configuration list for PBXNativeTarget "Scorer" */ = {
			isa = XCConfigurationList;
			buildConfigurations = (
				C4BABE90176AD48900218D1D /* Debug */,
				C4BABE91176AD48900218D1D /* Release */,
			);
			defaultConfigurationIsVisible = 0;
		};
		C4BABE92176AD48900218D1D /* Build configuration list for PBXNativeTarget "ScorerTests" */ = {
			isa = XCConfigurationList;
			buildConfigurations = (
				C4BABE93176AD48900218D1D /* Debug */,
				C4BABE94176AD48900218D1D /* Release */,
			);
			defaultConfigurationIsVisible = 0;
		};
/* End XCConfigurationList section */
	};
	rootObject = C4BABE55176AD48900218D1D /* Project object */;
}
